
Microsoft Visual Studio Solution File, Format Version 12.00
# Visual Studio Version 17
VisualStudioVersion = 17.0.31903.59
MinimumVisualStudioVersion = 10.0.40219.1
Project("{FAE04EC0-301F-11D3-BF4B-00C04F79EFBC}") = "KayraExport.Core", "KayraExport.Core\KayraExport.Core.csproj", "{81578E56-30AF-4A80-8C7D-B61A863BF3EF}"
EndProject
Project("{FAE04EC0-301F-11D3-BF4B-00C04F79EFBC}") = "KayraExport.Application", "KayraExport.Application\KayraExport.Application.csproj", "{2BCEC466-FA5B-4592-92BC-B2B79C303944}"
EndProject
Project("{FAE04EC0-301F-11D3-BF4B-00C04F79EFBC}") = "KayraExport.Infrastructure", "KayraExport.Infrastructure\KayraExport.Infrastructure.csproj", "{927E3586-19D1-4C61-BC29-732F6BF79AE0}"
EndProject
Project("{FAE04EC0-301F-11D3-BF4B-00C04F79EFBC}") = "KayraExport.API", "KayraExport.API\KayraExport.API.csproj", "{92E9E05F-5EFF-4C09-A5FC-1B61B5996101}"
EndProject
Project("{FAE04EC0-301F-11D3-BF4B-00C04F79EFBC}") = "KayraExport.Tests", "KayraExport.Tests\KayraExport.Tests.csproj", "{B1A2CDFF-5720-422F-9339-84C51ED0E1BC}"
EndProject
Project("{FAE04EC0-301F-11D3-BF4B-00C04F79EFBC}") = "KayraExport.Gateway", "KayraExport.Gateway\KayraExport.Gateway.csproj", "{680F74FB-B9D9-4CE0-B802-047FB359EAF0}"
EndProject
Project("{FAE04EC0-301F-11D3-BF4B-00C04F79EFBC}") = "KayraExport.Auth.Core", "KayraExport.Auth.Core\KayraExport.Auth.Core.csproj", "{186AE6F8-BA5C-4AB9-889F-10386C973E6C}"
EndProject
Project("{FAE04EC0-301F-11D3-BF4B-00C04F79EFBC}") = "KayraExport.Auth.Application", "KayraExport.Auth.Application\KayraExport.Auth.Application.csproj", "{79E91649-43A4-4CC4-A37A-1C135582BB7B}"
EndProject
Project("{FAE04EC0-301F-11D3-BF4B-00C04F79EFBC}") = "KayraExport.Auth.Infrastructure", "KayraExport.Auth.Infrastructure\KayraExport.Auth.Infrastructure.csproj", "{C66F3F83-2DA7-4C13-BAC2-1618B0F60153}"
EndProject
Project("{FAE04EC0-301F-11D3-BF4B-00C04F79EFBC}") = "KayraExport.Auth.API", "KayraExport.Auth.API\KayraExport.Auth.API.csproj", "{663770BC-46BA-4B14-9DAF-C0871E1CD13D}"
EndProject
Project("{FAE04EC0-301F-11D3-BF4B-00C04F79EFBC}") = "KayraExport.Log.Core", "KayraExport.Log.Core\KayraExport.Log.Core.csproj", "{6DB10283-FC43-4BD1-879A-918E8AC9B8A5}"
EndProject
Project("{FAE04EC0-301F-11D3-BF4B-00C04F79EFBC}") = "KayraExport.Log.Application", "KayraExport.Log.Application\KayraExport.Log.Application.csproj", "{25038C53-A941-4FD6-ABCA-C0A7F8F81C1E}"
EndProject
Project("{FAE04EC0-301F-11D3-BF4B-00C04F79EFBC}") = "KayraExport.Log.Infrastructure", "KayraExport.Log.Infrastructure\KayraExport.Log.Infrastructure.csproj", "{F4B4FE15-348F-4A6F-8397-3AD186AC033A}"
EndProject
Project("{FAE04EC0-301F-11D3-BF4B-00C04F79EFBC}") = "KayraExport.Log.API", "KayraExport.Log.API\KayraExport.Log.API.csproj", "{B25ACFF0-A796-41DB-A3C7-89CD9A991659}"
EndProject
Global
	GlobalSection(SolutionConfigurationPlatforms) = preSolution
		Debug|Any CPU = Debug|Any CPU
		Release|Any CPU = Release|Any CPU
	EndGlobalSection
	GlobalSection(SolutionProperties) = preSolution
		HideSolutionNode = FALSE
	EndGlobalSection
	GlobalSection(ProjectConfigurationPlatforms) = postSolution
		{81578E56-30AF-4A80-8C7D-B61A863BF3EF}.Debug|Any CPU.ActiveCfg = Debug|Any CPU
		{81578E56-30AF-4A80-8C7D-B61A863BF3EF}.Debug|Any CPU.Build.0 = Debug|Any CPU
		{81578E56-30AF-4A80-8C7D-B61A863BF3EF}.Release|Any CPU.ActiveCfg = Release|Any CPU
		{81578E56-30AF-4A80-8C7D-B61A863BF3EF}.Release|Any CPU.Build.0 = Release|Any CPU
		{2BCEC466-FA5B-4592-92BC-B2B79C303944}.Debug|Any CPU.ActiveCfg = Debug|Any CPU
		{2BCEC466-FA5B-4592-92BC-B2B79C303944}.Debug|Any CPU.Build.0 = Debug|Any CPU
		{2BCEC466-FA5B-4592-92BC-B2B79C303944}.Release|Any CPU.ActiveCfg = Release|Any CPU
		{2BCEC466-FA5B-4592-92BC-B2B79C303944}.Release|Any CPU.Build.0 = Release|Any CPU
		{927E3586-19D1-4C61-BC29-732F6BF79AE0}.Debug|Any CPU.ActiveCfg = Debug|Any CPU
		{927E3586-19D1-4C61-BC29-732F6BF79AE0}.Debug|Any CPU.Build.0 = Debug|Any CPU
		{927E3586-19D1-4C61-BC29-732F6BF79AE0}.Release|Any CPU.ActiveCfg = Release|Any CPU
		{927E3586-19D1-4C61-BC29-732F6BF79AE0}.Release|Any CPU.Build.0 = Release|Any CPU
		{92E9E05F-5EFF-4C09-A5FC-1B61B5996101}.Debug|Any CPU.ActiveCfg = Debug|Any CPU
		{92E9E05F-5EFF-4C09-A5FC-1B61B5996101}.Debug|Any CPU.Build.0 = Debug|Any CPU
		{92E9E05F-5EFF-4C09-A5FC-1B61B5996101}.Release|Any CPU.ActiveCfg = Release|Any CPU
		{92E9E05F-5EFF-4C09-A5FC-1B61B5996101}.Release|Any CPU.Build.0 = Release|Any CPU
		{B1A2CDFF-5720-422F-9339-84C51ED0E1BC}.Debug|Any CPU.ActiveCfg = Debug|Any CPU
		{B1A2CDFF-5720-422F-9339-84C51ED0E1BC}.Debug|Any CPU.Build.0 = Debug|Any CPU
		{B1A2CDFF-5720-422F-9339-84C51ED0E1BC}.Release|Any CPU.ActiveCfg = Release|Any CPU
		{B1A2CDFF-5720-422F-9339-84C51ED0E1BC}.Release|Any CPU.Build.0 = Release|Any CPU
		{680F74FB-B9D9-4CE0-B802-047FB359EAF0}.Debug|Any CPU.ActiveCfg = Debug|Any CPU
		{680F74FB-B9D9-4CE0-B802-047FB359EAF0}.Debug|Any CPU.Build.0 = Debug|Any CPU
		{680F74FB-B9D9-4CE0-B802-047FB359EAF0}.Release|Any CPU.ActiveCfg = Release|Any CPU
		{680F74FB-B9D9-4CE0-B802-047FB359EAF0}.Release|Any CPU.Build.0 = Release|Any CPU
		{186AE6F8-BA5C-4AB9-889F-10386C973E6C}.Debug|Any CPU.ActiveCfg = Debug|Any CPU
		{186AE6F8-BA5C-4AB9-889F-10386C973E6C}.Debug|Any CPU.Build.0 = Debug|Any CPU
		{186AE6F8-BA5C-4AB9-889F-10386C973E6C}.Release|Any CPU.ActiveCfg = Release|Any CPU
		{186AE6F8-BA5C-4AB9-889F-10386C973E6C}.Release|Any CPU.Build.0 = Release|Any CPU
		{79E91649-43A4-4CC4-A37A-1C135582BB7B}.Debug|Any CPU.ActiveCfg = Debug|Any CPU
		{79E91649-43A4-4CC4-A37A-1C135582BB7B}.Debug|Any CPU.Build.0 = Debug|Any CPU
		{79E91649-43A4-4CC4-A37A-1C135582BB7B}.Release|Any CPU.ActiveCfg = Release|Any CPU
		{79E91649-43A4-4CC4-A37A-1C135582BB7B}.Release|Any CPU.Build.0 = Release|Any CPU
		{C66F3F83-2DA7-4C13-BAC2-1618B0F60153}.Debug|Any CPU.ActiveCfg = Debug|Any CPU
		{C66F3F83-2DA7-4C13-BAC2-1618B0F60153}.Debug|Any CPU.Build.0 = Debug|Any CPU
		{C66F3F83-2DA7-4C13-BAC2-1618B0F60153}.Release|Any CPU.ActiveCfg = Release|Any CPU
		{C66F3F83-2DA7-4C13-BAC2-1618B0F60153}.Release|Any CPU.Build.0 = Release|Any CPU
		{663770BC-46BA-4B14-9DAF-C0871E1CD13D}.Debug|Any CPU.ActiveCfg = Debug|Any CPU
		{663770BC-46BA-4B14-9DAF-C0871E1CD13D}.Debug|Any CPU.Build.0 = Debug|Any CPU
		{663770BC-46BA-4B14-9DAF-C0871E1CD13D}.Release|Any CPU.ActiveCfg = Release|Any CPU
		{663770BC-46BA-4B14-9DAF-C0871E1CD13D}.Release|Any CPU.Build.0 = Release|Any CPU
		{6DB10283-FC43-4BD1-879A-918E8AC9B8A5}.Debug|Any CPU.ActiveCfg = Debug|Any CPU
		{6DB10283-FC43-4BD1-879A-918E8AC9B8A5}.Debug|Any CPU.Build.0 = Debug|Any CPU
		{6DB10283-FC43-4BD1-879A-918E8AC9B8A5}.Release|Any CPU.ActiveCfg = Release|Any CPU
		{6DB10283-FC43-4BD1-879A-918E8AC9B8A5}.Release|Any CPU.Build.0 = Release|Any CPU
		{25038C53-A941-4FD6-ABCA-C0A7F8F81C1E}.Debug|Any CPU.ActiveCfg = Debug|Any CPU
		{25038C53-A941-4FD6-ABCA-C0A7F8F81C1E}.Debug|Any CPU.Build.0 = Debug|Any CPU
		{25038C53-A941-4FD6-ABCA-C0A7F8F81C1E}.Release|Any CPU.ActiveCfg = Release|Any CPU
		{25038C53-A941-4FD6-ABCA-C0A7F8F81C1E}.Release|Any CPU.Build.0 = Release|Any CPU
		{F4B4FE15-348F-4A6F-8397-3AD186AC033A}.Debug|Any CPU.ActiveCfg = Debug|Any CPU
		{F4B4FE15-348F-4A6F-8397-3AD186AC033A}.Debug|Any CPU.Build.0 = Debug|Any CPU
		{F4B4FE15-348F-4A6F-8397-3AD186AC033A}.Release|Any CPU.ActiveCfg = Release|Any CPU
		{F4B4FE15-348F-4A6F-8397-3AD186AC033A}.Release|Any CPU.Build.0 = Release|Any CPU
		{B25ACFF0-A796-41DB-A3C7-89CD9A991659}.Debug|Any CPU.ActiveCfg = Debug|Any CPU
		{B25ACFF0-A796-41DB-A3C7-89CD9A991659}.Debug|Any CPU.Build.0 = Debug|Any CPU
		{B25ACFF0-A796-41DB-A3C7-89CD9A991659}.Release|Any CPU.ActiveCfg = Release|Any CPU
		{B25ACFF0-A796-41DB-A3C7-89CD9A991659}.Release|Any CPU.Build.0 = Release|Any CPU
	EndGlobalSection
EndGlobal
